
Microsoft Visual Studio Solution File, Format Version 12.00
# Visual Studio 2013
VisualStudioVersion = 12.0.31101.0
MinimumVisualStudioVersion = 10.0.40219.1
Project("{FAE04EC0-301F-11D3-BF4B-00C04F79EFBC}") = "ConsoleTestApp", "ConsoleTestApp\ConsoleTestApp.csproj", "{638B283F-7B41-4549-BAF5-D87FEF81ED98}"
EndProject
Project("{FAE04EC0-301F-11D3-BF4B-00C04F79EFBC}") = "Daenet.SecurityManager.Owin", "Daenet.SecurityManager.Owin\Daenet.SecurityManager.Owin.csproj", "{566B94D8-16ED-40C6-B16F-3C7AEF1263ED}"
EndProject
Project("{FAE04EC0-301F-11D3-BF4B-00C04F79EFBC}") = "SelfHostWebApiTest", "SelfHostWebApiTest\SelfHostWebApiTest.csproj", "{6D5458B6-C1A4-4B71-85FF-2AC3EB3D9918}"
EndProject
Global
	GlobalSection(SolutionConfigurationPlatforms) = preSolution
		Debug|Any CPU = Debug|Any CPU
		Release|Any CPU = Release|Any CPU
	EndGlobalSection
	GlobalSection(ProjectConfigurationPlatforms) = postSolution
		{638B283F-7B41-4549-BAF5-D87FEF81ED98}.Debug|Any CPU.ActiveCfg = Debug|Any CPU
		{638B283F-7B41-4549-BAF5-D87FEF81ED98}.Debug|Any CPU.Build.0 = Debug|Any CPU
		{638B283F-7B41-4549-BAF5-D87FEF81ED98}.Release|Any CPU.ActiveCfg = Release|Any CPU
		{638B283F-7B41-4549-BAF5-D87FEF81ED98}.Release|Any CPU.Build.0 = Release|Any CPU
		{566B94D8-16ED-40C6-B16F-3C7AEF1263ED}.Debug|Any CPU.ActiveCfg = Debug|Any CPU
		{566B94D8-16ED-40C6-B16F-3C7AEF1263ED}.Debug|Any CPU.Build.0 = Debug|Any CPU
		{566B94D8-16ED-40C6-B16F-3C7AEF1263ED}.Release|Any CPU.ActiveCfg = Release|Any CPU
		{566B94D8-16ED-40C6-B16F-3C7AEF1263ED}.Release|Any CPU.Build.0 = Release|Any CPU
		{6D5458B6-C1A4-4B71-85FF-2AC3EB3D9918}.Debug|Any CPU.ActiveCfg = Debug|Any CPU
		{6D5458B6-C1A4-4B71-85FF-2AC3EB3D9918}.Debug|Any CPU.Build.0 = Debug|Any CPU
		{6D5458B6-C1A4-4B71-85FF-2AC3EB3D9918}.Release|Any CPU.ActiveCfg = Release|Any CPU
		{6D5458B6-C1A4-4B71-85FF-2AC3EB3D9918}.Release|Any CPU.Build.0 = Release|Any CPU
	EndGlobalSection
	GlobalSection(SolutionProperties) = preSolution
		HideSolutionNode = FALSE
	EndGlobalSection
EndGlobal
